
Microsoft Visual Studio Solution File, Format Version 12.00
# Visual Studio Version 17
VisualStudioVersion = 17.9.34622.214
MinimumVisualStudioVersion = 10.0.40219.1
Project("{F184B08F-C81C-45F6-A57F-5ABD9991F28F}") = "2d Array", "2d Array.vbproj", "{3DCCCEF1-73AA-4868-9D68-E364847B3674}"
EndProject
Global
	GlobalSection(SolutionConfigurationPlatforms) = preSolution
		Debug|Any CPU = Debug|Any CPU
		Release|Any CPU = Release|Any CPU
	EndGlobalSection
	GlobalSection(ProjectConfigurationPlatforms) = postSolution
		{3DCCCEF1-73AA-4868-9D68-E364847B3674}.Debug|Any CPU.ActiveCfg = Debug|Any CPU
		{3DCCCEF1-73AA-4868-9D68-E364847B3674}.Debug|Any CPU.Build.0 = Debug|Any CPU
		{3DCCCEF1-73AA-4868-9D68-E364847B3674}.Release|Any CPU.ActiveCfg = Release|Any CPU
		{3DCCCEF1-73AA-4868-9D68-E364847B3674}.Release|Any CPU.Build.0 = Release|Any CPU
	EndGlobalSection
	GlobalSection(SolutionProperties) = preSolution
		HideSolutionNode = FALSE
	EndGlobalSection
	GlobalSection(ExtensibilityGlobals) = postSolution
		SolutionGuid = {1A19BA48-6194-4ED0-9290-7814B8D15BF4}
	EndGlobalSection
EndGlobal
